
Microsoft Visual Studio Solution File, Format Version 12.00
# Visual Studio Version 17
VisualStudioVersion = 17.0.31903.59
MinimumVisualStudioVersion = 10.0.40219.1
Project("{2150E333-8FDC-42A3-9474-1A3956D46DE8}") = "src", "src", "{827E0CD3-B72D-47B6-A68D-7590B98EB39B}"
EndProject
Project("{FAE04EC0-301F-11D3-BF4B-00C04F79EFBC}") = "LeadsManagement.Api", "src\LeadsManagement.Api\LeadsManagement.Api.csproj", "{55E156A3-DDB0-4BB9-B9E6-1C4A28D4826A}"
EndProject
Project("{FAE04EC0-301F-11D3-BF4B-00C04F79EFBC}") = "LeadsManagement.Tests", "tests\LeadsManagement.Tests\LeadsManagement.Tests.csproj", "{CF8D8F74-AC9D-4863-A338-FCA1E62381C7}"
EndProject
Global
	GlobalSection(SolutionConfigurationPlatforms) = preSolution
		Debug|Any CPU = Debug|Any CPU
		Debug|x64 = Debug|x64
		Debug|x86 = Debug|x86
		Release|Any CPU = Release|Any CPU
		Release|x64 = Release|x64
		Release|x86 = Release|x86
	EndGlobalSection
	GlobalSection(ProjectConfigurationPlatforms) = postSolution
		{55E156A3-DDB0-4BB9-B9E6-1C4A28D4826A}.Debug|Any CPU.ActiveCfg = Debug|Any CPU
		{55E156A3-DDB0-4BB9-B9E6-1C4A28D4826A}.Debug|Any CPU.Build.0 = Debug|Any CPU
		{55E156A3-DDB0-4BB9-B9E6-1C4A28D4826A}.Debug|x64.ActiveCfg = Debug|Any CPU
		{55E156A3-DDB0-4BB9-B9E6-1C4A28D4826A}.Debug|x64.Build.0 = Debug|Any CPU
		{55E156A3-DDB0-4BB9-B9E6-1C4A28D4826A}.Debug|x86.ActiveCfg = Debug|Any CPU
		{55E156A3-DDB0-4BB9-B9E6-1C4A28D4826A}.Debug|x86.Build.0 = Debug|Any CPU
		{55E156A3-DDB0-4BB9-B9E6-1C4A28D4826A}.Release|Any CPU.ActiveCfg = Release|Any CPU
		{55E156A3-DDB0-4BB9-B9E6-1C4A28D4826A}.Release|Any CPU.Build.0 = Release|Any CPU
		{55E156A3-DDB0-4BB9-B9E6-1C4A28D4826A}.Release|x64.ActiveCfg = Release|Any CPU
		{55E156A3-DDB0-4BB9-B9E6-1C4A28D4826A}.Release|x64.Build.0 = Release|Any CPU
		{55E156A3-DDB0-4BB9-B9E6-1C4A28D4826A}.Release|x86.ActiveCfg = Release|Any CPU
		{55E156A3-DDB0-4BB9-B9E6-1C4A28D4826A}.Release|x86.Build.0 = Release|Any CPU
		{CF8D8F74-AC9D-4863-A338-FCA1E62381C7}.Debug|Any CPU.ActiveCfg = Debug|Any CPU
		{CF8D8F74-AC9D-4863-A338-FCA1E62381C7}.Debug|Any CPU.Build.0 = Debug|Any CPU
		{CF8D8F74-AC9D-4863-A338-FCA1E62381C7}.Debug|x64.ActiveCfg = Debug|Any CPU
		{CF8D8F74-AC9D-4863-A338-FCA1E62381C7}.Debug|x64.Build.0 = Debug|Any CPU
		{CF8D8F74-AC9D-4863-A338-FCA1E62381C7}.Debug|x86.ActiveCfg = Debug|Any CPU
		{CF8D8F74-AC9D-4863-A338-FCA1E62381C7}.Debug|x86.Build.0 = Debug|Any CPU
		{CF8D8F74-AC9D-4863-A338-FCA1E62381C7}.Release|Any CPU.ActiveCfg = Release|Any CPU
		{CF8D8F74-AC9D-4863-A338-FCA1E62381C7}.Release|Any CPU.Build.0 = Release|Any CPU
		{CF8D8F74-AC9D-4863-A338-FCA1E62381C7}.Release|x64.ActiveCfg = Release|Any CPU
		{CF8D8F74-AC9D-4863-A338-FCA1E62381C7}.Release|x64.Build.0 = Release|Any CPU
		{CF8D8F74-AC9D-4863-A338-FCA1E62381C7}.Release|x86.ActiveCfg = Release|Any CPU
		{CF8D8F74-AC9D-4863-A338-FCA1E62381C7}.Release|x86.Build.0 = Release|Any CPU
	EndGlobalSection
	GlobalSection(SolutionProperties) = preSolution
		HideSolutionNode = FALSE
	EndGlobalSection
	GlobalSection(NestedProjects) = preSolution
		{55E156A3-DDB0-4BB9-B9E6-1C4A28D4826A} = {827E0CD3-B72D-47B6-A68D-7590B98EB39B}
		{CF8D8F74-AC9D-4863-A338-FCA1E62381C7} = {827E0CD3-B72D-47B6-A68D-7590B98EB39B}
	EndGlobalSection
EndGlobal
